{
  "name": "cs4241-assignment2",
  "version": "0.0.1",
  "lockfileVersion": 3,
  "requires": true,
  "packages": {
    "": {
      "name": "cs4241-assignment2",
      "version": "0.0.1",
      "license": "MIT",
      "dependencies": {
        "deno-bin": "^1.46.3"
      }
    },
    "node_modules/adm-zip": {
      "version": "0.5.16",
      "resolved": "https://registry.npmjs.org/adm-zip/-/adm-zip-0.5.16.tgz",
      "integrity": "sha512-TGw5yVi4saajsSEgz25grObGHEUaDrniwvA2qwSC060KfqGPdglhvPMA2lPIoxs3PQIItj2iag35fONcQqgUaQ==",
      "license": "MIT",
      "engines": {
        "node": ">=12.0"
      }
    },
    "node_modules/deno-bin": {
      "version": "1.46.3",
      "resolved": "https://registry.npmjs.org/deno-bin/-/deno-bin-1.46.3.tgz",
      "integrity": "sha512-soxZGY1NeTdjltCfDTf5aE3moOaP6lbVec8RKdOQByzoAxwfUuxF7RrC12y1kcsiY5vFsOovatXi3pKtvFuR9g==",
      "hasInstallScript": true,
      "license": "MIT",
      "dependencies": {
        "adm-zip": "^0.5.4"
      },
      "bin": {
        "deno": "bin/deno.js",
        "deno-bin": "bin/deno.js"
      }
    }
  }
}
